
Microsoft Visual Studio Solution File, Format Version 12.00
# Visual Studio Version 16
VisualStudioVersion = 16.0.29613.14
MinimumVisualStudioVersion = 10.0.40219.1
Project("{8BC9CEB8-8B4A-11D0-8D11-00A0C91BC942}") = "CPPTicTacToe", "CPPTicTacToe\CPPTicTacToe.vcxproj", "{78863DBE-9C63-44B9-A578-885650CF482A}"
EndProject
Global
	GlobalSection(SolutionConfigurationPlatforms) = preSolution
		Debug|x64 = Debug|x64
		Debug|x86 = Debug|x86
		Release|x64 = Release|x64
		Release|x86 = Release|x86
	EndGlobalSection
	GlobalSection(ProjectConfigurationPlatforms) = postSolution
		{78863DBE-9C63-44B9-A578-885650CF482A}.Debug|x64.ActiveCfg = Debug|x64
		{78863DBE-9C63-44B9-A578-885650CF482A}.Debug|x64.Build.0 = Debug|x64
		{78863DBE-9C63-44B9-A578-885650CF482A}.Debug|x86.ActiveCfg = Debug|Win32
		{78863DBE-9C63-44B9-A578-885650CF482A}.Debug|x86.Build.0 = Debug|Win32
		{78863DBE-9C63-44B9-A578-885650CF482A}.Release|x64.ActiveCfg = Release|x64
		{78863DBE-9C63-44B9-A578-885650CF482A}.Release|x64.Build.0 = Release|x64
		{78863DBE-9C63-44B9-A578-885650CF482A}.Release|x86.ActiveCfg = Release|Win32
		{78863DBE-9C63-44B9-A578-885650CF482A}.Release|x86.Build.0 = Release|Win32
	EndGlobalSection
	GlobalSection(SolutionProperties) = preSolution
		HideSolutionNode = FALSE
	EndGlobalSection
	GlobalSection(ExtensibilityGlobals) = postSolution
		SolutionGuid = {8DC09F03-DF7B-4BB9-818F-AF815BE144BF}
	EndGlobalSection
EndGlobal
